
Microsoft Visual Studio Solution File, Format Version 12.00
# Visual Studio 15
Project("{FAE04EC0-301F-11D3-BF4B-00C04F79EFBC}") = "LicencingNET.Example", "LicencingNET.Example\LicencingNET.Example.csproj", "{3A43F04D-C0D9-484D-92B6-FC202F5466A2}"
EndProject
Project("{FAE04EC0-301F-11D3-BF4B-00C04F79EFBC}") = "LicencingNET", "LicencingNET\LicencingNET.csproj", "{9B1A4400-5BC3-434A-81B5-54D19A924F53}"
EndProject
Global
	GlobalSection(SolutionConfigurationPlatforms) = preSolution
		Debug|Any CPU = Debug|Any CPU
		Release|Any CPU = Release|Any CPU
	EndGlobalSection
	GlobalSection(ProjectConfigurationPlatforms) = postSolution
		{3A43F04D-C0D9-484D-92B6-FC202F5466A2}.Debug|Any CPU.ActiveCfg = Debug|Any CPU
		{3A43F04D-C0D9-484D-92B6-FC202F5466A2}.Debug|Any CPU.Build.0 = Debug|Any CPU
		{3A43F04D-C0D9-484D-92B6-FC202F5466A2}.Release|Any CPU.ActiveCfg = Release|Any CPU
		{3A43F04D-C0D9-484D-92B6-FC202F5466A2}.Release|Any CPU.Build.0 = Release|Any CPU
		{9B1A4400-5BC3-434A-81B5-54D19A924F53}.Debug|Any CPU.ActiveCfg = Debug|Any CPU
		{9B1A4400-5BC3-434A-81B5-54D19A924F53}.Debug|Any CPU.Build.0 = Debug|Any CPU
		{9B1A4400-5BC3-434A-81B5-54D19A924F53}.Release|Any CPU.ActiveCfg = Release|Any CPU
		{9B1A4400-5BC3-434A-81B5-54D19A924F53}.Release|Any CPU.Build.0 = Release|Any CPU
	EndGlobalSection
EndGlobal
